
Microsoft Visual Studio Solution File, Format Version 12.00
# Visual Studio 15
VisualStudioVersion = 15.0.27130.2026
MinimumVisualStudioVersion = 10.0.40219.1
Project("{8BC9CEB8-8B4A-11D0-8D11-00A0C91BC942}") = "MyFavoriteThing", "MyFavoriteThing\MyFavoriteThing.vcxproj", "{7965425D-8E24-46E5-A7FE-B2894C6B9198}"
EndProject
Global
	GlobalSection(SolutionConfigurationPlatforms) = preSolution
		Debug|x64 = Debug|x64
		Debug|x86 = Debug|x86
		Release|x64 = Release|x64
		Release|x86 = Release|x86
	EndGlobalSection
	GlobalSection(ProjectConfigurationPlatforms) = postSolution
		{7965425D-8E24-46E5-A7FE-B2894C6B9198}.Debug|x64.ActiveCfg = Debug|x64
		{7965425D-8E24-46E5-A7FE-B2894C6B9198}.Debug|x64.Build.0 = Debug|x64
		{7965425D-8E24-46E5-A7FE-B2894C6B9198}.Debug|x86.ActiveCfg = Debug|Win32
		{7965425D-8E24-46E5-A7FE-B2894C6B9198}.Debug|x86.Build.0 = Debug|Win32
		{7965425D-8E24-46E5-A7FE-B2894C6B9198}.Release|x64.ActiveCfg = Release|x64
		{7965425D-8E24-46E5-A7FE-B2894C6B9198}.Release|x64.Build.0 = Release|x64
		{7965425D-8E24-46E5-A7FE-B2894C6B9198}.Release|x86.ActiveCfg = Release|Win32
		{7965425D-8E24-46E5-A7FE-B2894C6B9198}.Release|x86.Build.0 = Release|Win32
	EndGlobalSection
	GlobalSection(SolutionProperties) = preSolution
		HideSolutionNode = FALSE
	EndGlobalSection
	GlobalSection(ExtensibilityGlobals) = postSolution
		SolutionGuid = {5D5F0D90-C2A3-4103-B745-18AF0B3E3DE8}
	EndGlobalSection
EndGlobal
